aiohappyeyeballs==2.7.1
aiohttp==3.14.4
aiosignal==1.4.0
annotated-doc==0.0.5
annotated-types==0.8.0
anyio==4.15.1
attrs==26.1.0
bitarray==3.11.0
certifi==2026.7.22
charset-normalizer==3.5.2
ckzg==2.1.8
click==8.5.0
cytoolz==1.1.0
eth-account==0.14.0
eth-hash==0.8.0
eth-keyfile==0.10.0
eth-keys==0.8.0
eth-rlp==3.0.0
eth-typing==6.0.0
eth-utils==6.0.0
eth_abi==6.0.0
fastapi==0.142.2
frozenlist==1.8.0
h11==0.16.0
hexbytes==2.0.0
httpcore==1.0.9
httpx==0.28.1
idna==3.20
iniconfig==2.3.0
multidict==6.9.1
opentelemetry-api==1.45.0
packaging==26.3
parsimonious==0.10.0
pillow==12.3.0
pluggy==1.6.0
propcache==0.5.4
py-ecc==8.0.0
pycryptodome==3.24.0
pydantic==2.13.5
pydantic_core==2.46.5
Pygments==2.21.0
pymupdf==1.28.2
pypdf==6.19.0
pytest==9.1.1
python-multipart==0.0.32
pyunormalize==18.0.0
regex==2026.9.29
requests==2.34.2
rlp==5.0.0
starlette==1.7.0
toolz==1.1.0
types-requests==2.33.0.20261006
typing-inspection==0.4.4
typing_extensions==4.16.0
urllib3==2.8.0
uvicorn==0.54.0
web3==7.16.0
websockets==15.0.1
yarl==1.25.1
